
Microsoft Visual Studio Solution File, Format Version 12.00
# Visual Studio Version 17
VisualStudioVersion = 17.3.32804.467
MinimumVisualStudioVersion = 10.0.40219.1
Project("{FAE04EC0-301F-11D3-BF4B-00C04F79EFBC}") = "BankProject", "BankProject\BankProject.csproj", "{7378B4A1-451E-4B9E-8343-A3AE648D9138}"
EndProject
Global
	GlobalSection(SolutionConfigurationPlatforms) = preSolution
		Debug|Any CPU = Debug|Any CPU
		Release|Any CPU = Release|Any CPU
	EndGlobalSection
	GlobalSection(ProjectConfigurationPlatforms) = postSolution
		{7378B4A1-451E-4B9E-8343-A3AE648D9138}.Debug|Any CPU.ActiveCfg = Debug|Any CPU
		{7378B4A1-451E-4B9E-8343-A3AE648D9138}.Debug|Any CPU.Build.0 = Debug|Any CPU
		{7378B4A1-451E-4B9E-8343-A3AE648D9138}.Release|Any CPU.ActiveCfg = Release|Any CPU
		{7378B4A1-451E-4B9E-8343-A3AE648D9138}.Release|Any CPU.Build.0 = Release|Any CPU
	EndGlobalSection
	GlobalSection(SolutionProperties) = preSolution
		HideSolutionNode = FALSE
	EndGlobalSection
	GlobalSection(ExtensibilityGlobals) = postSolution
		SolutionGuid = {B08B9B91-A004-41E4-B4D4-BD8A64D726F3}
	EndGlobalSection
EndGlobal
